
Microsoft Visual Studio Solution File, Format Version 12.00
# Visual Studio Version 17
VisualStudioVersion = 17.0.32112.339
MinimumVisualStudioVersion = 10.0.40219.1
Project("{9A19103F-16F7-4668-BE54-9A1E7A4F7556}") = "FreeShare", "FreeShare.csproj", "{D58E0E28-5AFD-44BB-A781-A5B85E023380}"
EndProject
Project("{FAE04EC0-301F-11D3-BF4B-00C04F79EFBC}") = "FreeShare.Test", "..\FreeShare.Test\FreeShare.Test.csproj", "{D22D6DB5-AA56-4704-9B3B-5B8C37C52FAF}"
EndProject
Global
	GlobalSection(SolutionConfigurationPlatforms) = preSolution
		Debug|Any CPU = Debug|Any CPU
		Release|Any CPU = Release|Any CPU
	EndGlobalSection
	GlobalSection(ProjectConfigurationPlatforms) = postSolution
		{D58E0E28-5AFD-44BB-A781-A5B85E023380}.Debug|Any CPU.ActiveCfg = Debug|Any CPU
		{D58E0E28-5AFD-44BB-A781-A5B85E023380}.Debug|Any CPU.Build.0 = Debug|Any CPU
		{D58E0E28-5AFD-44BB-A781-A5B85E023380}.Release|Any CPU.ActiveCfg = Release|Any CPU
		{D58E0E28-5AFD-44BB-A781-A5B85E023380}.Release|Any CPU.Build.0 = Release|Any CPU
		{D22D6DB5-AA56-4704-9B3B-5B8C37C52FAF}.Debug|Any CPU.ActiveCfg = Debug|Any CPU
		{D22D6DB5-AA56-4704-9B3B-5B8C37C52FAF}.Debug|Any CPU.Build.0 = Debug|Any CPU
		{D22D6DB5-AA56-4704-9B3B-5B8C37C52FAF}.Release|Any CPU.ActiveCfg = Release|Any CPU
		{D22D6DB5-AA56-4704-9B3B-5B8C37C52FAF}.Release|Any CPU.Build.0 = Release|Any CPU
	EndGlobalSection
	GlobalSection(SolutionProperties) = preSolution
		HideSolutionNode = FALSE
	EndGlobalSection
	GlobalSection(ExtensibilityGlobals) = postSolution
		SolutionGuid = {7A70DBE7-8DB4-49B8-AE92-63E89C129962}
	EndGlobalSection
EndGlobal
